Microsoft Visual Studio Solution File, Format Version 12.00
# Visual Studio Version 17
VisualStudioVersion = 17.13.35825.156
MinimumVisualStudioVersion = 10.0.40219.1
Project("{FAE04EC0-301F-11D3-BF4B-00C04F79EFBC}") = "AppHost", "src\Shared\AppHost\AppHost.csproj", "{C0B18EBB-E32E-4348-B5F7-ADC08BFA12F9}"
EndProject
Project("{FAE04EC0-301F-11D3-BF4B-00C04F79EFBC}") = "ServiceDefaults", "src\Shared\ServiceDefaults\ServiceDefaults.csproj", "{12DB1232-0813-C7DE-7B3F-AE71DAFA506F}"
EndProject
Project("{FAE04EC0-301F-11D3-BF4B-00C04F79EFBC}") = "Web", "src\Presentations\Web\Web.csproj", "{6345095E-97C9-D31F-3FCD-BCB9511292AF}"
EndProject
Project("{FAE04EC0-301F-11D3-BF4B-00C04F79EFBC}") = "Tests", "tests\Tests\Tests.csproj", "{92D29AAC-153D-941B-BDB8-3434C8E4C662}"
EndProject
Project("{2150E333-8FDC-42A3-9474-1A3956D46DE8}") = "src", "src", "{02EA681E-C7D8-13C7-8484-4AC65E1B71E8}"
EndProject
Project("{2150E333-8FDC-42A3-9474-1A3956D46DE8}") = "docs", "docs", "{3898CD42-E8B5-4F88-8BD7-DC0FC8B27011}"
	ProjectSection(SolutionItems) = preProject
		docs\README.md = docs\README.md
	EndProjectSection
EndProject
Project("{2150E333-8FDC-42A3-9474-1A3956D46DE8}") = "tests", "tests", "{DBF258AA-21CA-4546-97F3-1466A61A018A}"
EndProject
Project("{2150E333-8FDC-42A3-9474-1A3956D46DE8}") = "CleanArchitecture", "CleanArchitecture", "{DB21018C-322B-4704-8953-7C64E74E25EB}"
	ProjectSection(SolutionItems) = preProject
		docs\CleanArchitecture\ApiLayer.md = docs\CleanArchitecture\ApiLayer.md
		docs\CleanArchitecture\ApplicationLayer.md = docs\CleanArchitecture\ApplicationLayer.md
		docs\CleanArchitecture\DomainLayer.md = docs\CleanArchitecture\DomainLayer.md
		docs\CleanArchitecture\InfrastructureLayer.md = docs\CleanArchitecture\InfrastructureLayer.md
	EndProjectSection
EndProject
Project("{2150E333-8FDC-42A3-9474-1A3956D46DE8}") = "Cloud", "Cloud", "{CFCF7B08-1BE1-4E42-BE53-C14B76A7E45C}"
EndProject
Project("{2150E333-8FDC-42A3-9474-1A3956D46DE8}") = "DevOps", "DevOps", "{AD84A42B-E828-43A4-BF66-23287AC25D28}"
EndProject
Project("{2150E333-8FDC-42A3-9474-1A3956D46DE8}") = "examples", "examples", "{2A850C09-0465-4FD8-9A1D-1F03AF97D684}"
EndProject
Project("{2150E333-8FDC-42A3-9474-1A3956D46DE8}") = "Microservices", "Microservices", "{9A523127-44F9-4A8D-9807-F18530625291}"
EndProject
Project("{2150E333-8FDC-42A3-9474-1A3956D46DE8}") = "Presentations", "Presentations", "{5AAC7D1F-A52D-4F59-AE47-06D6080C1CCE}"
EndProject
Project("{2150E333-8FDC-42A3-9474-1A3956D46DE8}") = "Shared", "Shared", "{3409F188-87E8-4A4E-9D87-3ADBABAD2902}"
EndProject
Project("{2150E333-8FDC-42A3-9474-1A3956D46DE8}") = "Architecture", "Architecture", "{8C160189-7E77-4702-BA08-EB425436FB16}"
	ProjectSection(SolutionItems) = preProject
		Messaging.md = Messaging.md
		docs\MicroserviceArchitecture\Microservices.md = docs\MicroserviceArchitecture\Microservices.md
	EndProjectSection
EndProject
Project("{2150E333-8FDC-42A3-9474-1A3956D46DE8}") = "Microservices", "Microservices", "{664C146D-ACD0-4BAF-BEF1-F128C9218FAC}"
EndProject
Project("{FAE04EC0-301F-11D3-BF4B-00C04F79EFBC}") = "Example.Presentation", "examples\Microservices\Example\Example.Api\Example.Presentation.csproj", "{4D13EF7C-C6AE-3A17-DE2B-112DA7D4E418}"
EndProject
Project("{2150E333-8FDC-42A3-9474-1A3956D46DE8}") = "Example", "Example", "{A4F97736-77FD-422A-B97E-A1EE833DE5C5}"
EndProject
Project("{FAE04EC0-301F-11D3-BF4B-00C04F79EFBC}") = "Example.Domain", "examples\Microservices\Example\Example.Domain\Example.Domain.csproj", "{F2B2E154-BC4A-440B-B652-24CA1ED306C8}"
EndProject
Project("{FAE04EC0-301F-11D3-BF4B-00C04F79EFBC}") = "Example.Infrastructure", "examples\Microservices\Example\Example.Infrastructure\Example.Infrastructure.csproj", "{DC6CC5D2-12B3-4363-8C8E-12C335122E56}"
EndProject
Project("{FAE04EC0-301F-11D3-BF4B-00C04F79EFBC}") = "Example.Application", "examples\Microservices\Example\Example.Application\Example.Application.csproj", "{290B74E4-BABD-4732-A5EE-5995B94E135D}"
EndProject
Project("{2150E333-8FDC-42A3-9474-1A3956D46DE8}") = "Identity", "Identity", "{1409BE80-3124-4CFB-B682-1FAAF27DBCE8}"
EndProject
Project("{FAE04EC0-301F-11D3-BF4B-00C04F79EFBC}") = "Identity.Presentation", "src\Microservices\Identity\Identity.Api\Identity.Presentation.csproj", "{590065E6-284C-96DF-6A0C-44D0573BB058}"
EndProject
Global
	GlobalSection(SolutionConfigurationPlatforms) = preSolution
		Debug|Any CPU = Debug|Any CPU
		Release|Any CPU = Release|Any CPU
	EndGlobalSection
	GlobalSection(ProjectConfigurationPlatforms) = postSolution
		{C0B18EBB-E32E-4348-B5F7-ADC08BFA12F9}.Debug|Any CPU.ActiveCfg = Debug|Any CPU
		{C0B18EBB-E32E-4348-B5F7-ADC08BFA12F9}.Debug|Any CPU.Build.0 = Debug|Any CPU
		{C0B18EBB-E32E-4348-B5F7-ADC08BFA12F9}.Release|Any CPU.ActiveCfg = Release|Any CPU
		{C0B18EBB-E32E-4348-B5F7-ADC08BFA12F9}.Release|Any CPU.Build.0 = Release|Any CPU
		{12DB1232-0813-C7DE-7B3F-AE71DAFA506F}.Debug|Any CPU.ActiveCfg = Debug|Any CPU
		{12DB1232-0813-C7DE-7B3F-AE71DAFA506F}.Debug|Any CPU.Build.0 = Debug|Any CPU
		{12DB1232-0813-C7DE-7B3F-AE71DAFA506F}.Release|Any CPU.ActiveCfg = Release|Any CPU
		{12DB1232-0813-C7DE-7B3F-AE71DAFA506F}.Release|Any CPU.Build.0 = Release|Any CPU
		{6345095E-97C9-D31F-3FCD-BCB9511292AF}.Debug|Any CPU.ActiveCfg = Debug|Any CPU
		{6345095E-97C9-D31F-3FCD-BCB9511292AF}.Debug|Any CPU.Build.0 = Debug|Any CPU
		{6345095E-97C9-D31F-3FCD-BCB9511292AF}.Release|Any CPU.ActiveCfg = Release|Any CPU
		{6345095E-97C9-D31F-3FCD-BCB9511292AF}.Release|Any CPU.Build.0 = Release|Any CPU
		{92D29AAC-153D-941B-BDB8-3434C8E4C662}.Debug|Any CPU.ActiveCfg = Debug|Any CPU
		{92D29AAC-153D-941B-BDB8-3434C8E4C662}.Debug|Any CPU.Build.0 = Debug|Any CPU
		{92D29AAC-153D-941B-BDB8-3434C8E4C662}.Release|Any CPU.ActiveCfg = Release|Any CPU
		{92D29AAC-153D-941B-BDB8-3434C8E4C662}.Release|Any CPU.Build.0 = Release|Any CPU
		{4D13EF7C-C6AE-3A17-DE2B-112DA7D4E418}.Debug|Any CPU.ActiveCfg = Debug|Any CPU
		{4D13EF7C-C6AE-3A17-DE2B-112DA7D4E418}.Debug|Any CPU.Build.0 = Debug|Any CPU
		{4D13EF7C-C6AE-3A17-DE2B-112DA7D4E418}.Release|Any CPU.ActiveCfg = Release|Any CPU
		{4D13EF7C-C6AE-3A17-DE2B-112DA7D4E418}.Release|Any CPU.Build.0 = Release|Any CPU
		{F2B2E154-BC4A-440B-B652-24CA1ED306C8}.Debug|Any CPU.ActiveCfg = Debug|Any CPU
		{F2B2E154-BC4A-440B-B652-24CA1ED306C8}.Debug|Any CPU.Build.0 = Debug|Any CPU
		{F2B2E154-BC4A-440B-B652-24CA1ED306C8}.Release|Any CPU.ActiveCfg = Release|Any CPU
		{F2B2E154-BC4A-440B-B652-24CA1ED306C8}.Release|Any CPU.Build.0 = Release|Any CPU
		{DC6CC5D2-12B3-4363-8C8E-12C335122E56}.Debug|Any CPU.ActiveCfg = Debug|Any CPU
		{DC6CC5D2-12B3-4363-8C8E-12C335122E56}.Debug|Any CPU.Build.0 = Debug|Any CPU
		{DC6CC5D2-12B3-4363-8C8E-12C335122E56}.Release|Any CPU.ActiveCfg = Release|Any CPU
		{DC6CC5D2-12B3-4363-8C8E-12C335122E56}.Release|Any CPU.Build.0 = Release|Any CPU
		{290B74E4-BABD-4732-A5EE-5995B94E135D}.Debug|Any CPU.ActiveCfg = Debug|Any CPU
		{290B74E4-BABD-4732-A5EE-5995B94E135D}.Debug|Any CPU.Build.0 = Debug|Any CPU
		{290B74E4-BABD-4732-A5EE-5995B94E135D}.Release|Any CPU.ActiveCfg = Release|Any CPU
		{290B74E4-BABD-4732-A5EE-5995B94E135D}.Release|Any CPU.Build.0 = Release|Any CPU
		{590065E6-284C-96DF-6A0C-44D0573BB058}.Debug|Any CPU.ActiveCfg = Debug|Any CPU
		{590065E6-284C-96DF-6A0C-44D0573BB058}.Debug|Any CPU.Build.0 = Debug|Any CPU
		{590065E6-284C-96DF-6A0C-44D0573BB058}.Release|Any CPU.ActiveCfg = Release|Any CPU
		{590065E6-284C-96DF-6A0C-44D0573BB058}.Release|Any CPU.Build.0 = Release|Any CPU
	EndGlobalSection
	GlobalSection(SolutionProperties) = preSolution
		HideSolutionNode = FALSE
	EndGlobalSection
	GlobalSection(NestedProjects) = preSolution
		{C0B18EBB-E32E-4348-B5F7-ADC08BFA12F9} = {3409F188-87E8-4A4E-9D87-3ADBABAD2902}
		{12DB1232-0813-C7DE-7B3F-AE71DAFA506F} = {3409F188-87E8-4A4E-9D87-3ADBABAD2902}
		{6345095E-97C9-D31F-3FCD-BCB9511292AF} = {5AAC7D1F-A52D-4F59-AE47-06D6080C1CCE}
		{92D29AAC-153D-941B-BDB8-3434C8E4C662} = {DBF258AA-21CA-4546-97F3-1466A61A018A}
		{DB21018C-322B-4704-8953-7C64E74E25EB} = {8C160189-7E77-4702-BA08-EB425436FB16}
		{CFCF7B08-1BE1-4E42-BE53-C14B76A7E45C} = {3898CD42-E8B5-4F88-8BD7-DC0FC8B27011}
		{AD84A42B-E828-43A4-BF66-23287AC25D28} = {3898CD42-E8B5-4F88-8BD7-DC0FC8B27011}
		{9A523127-44F9-4A8D-9807-F18530625291} = {02EA681E-C7D8-13C7-8484-4AC65E1B71E8}
		{5AAC7D1F-A52D-4F59-AE47-06D6080C1CCE} = {02EA681E-C7D8-13C7-8484-4AC65E1B71E8}
		{3409F188-87E8-4A4E-9D87-3ADBABAD2902} = {02EA681E-C7D8-13C7-8484-4AC65E1B71E8}
		{8C160189-7E77-4702-BA08-EB425436FB16} = {3898CD42-E8B5-4F88-8BD7-DC0FC8B27011}
		{664C146D-ACD0-4BAF-BEF1-F128C9218FAC} = {2A850C09-0465-4FD8-9A1D-1F03AF97D684}
		{4D13EF7C-C6AE-3A17-DE2B-112DA7D4E418} = {A4F97736-77FD-422A-B97E-A1EE833DE5C5}
		{A4F97736-77FD-422A-B97E-A1EE833DE5C5} = {664C146D-ACD0-4BAF-BEF1-F128C9218FAC}
		{F2B2E154-BC4A-440B-B652-24CA1ED306C8} = {A4F97736-77FD-422A-B97E-A1EE833DE5C5}
		{DC6CC5D2-12B3-4363-8C8E-12C335122E56} = {A4F97736-77FD-422A-B97E-A1EE833DE5C5}
		{290B74E4-BABD-4732-A5EE-5995B94E135D} = {A4F97736-77FD-422A-B97E-A1EE833DE5C5}
		{1409BE80-3124-4CFB-B682-1FAAF27DBCE8} = {9A523127-44F9-4A8D-9807-F18530625291}
		{590065E6-284C-96DF-6A0C-44D0573BB058} = {1409BE80-3124-4CFB-B682-1FAAF27DBCE8}
	EndGlobalSection
	GlobalSection(ExtensibilityGlobals) = postSolution
		SolutionGuid = {C20D381E-CD9D-422D-8C47-5865681B264D}
	EndGlobalSection
EndGlobal
