
Microsoft Visual Studio Solution File, Format Version 12.00
# Visual Studio Version 17
VisualStudioVersion = 17.0.31903.59
MinimumVisualStudioVersion = 10.0.40219.1
Project("{2150E333-8FDC-42A3-9474-1A3956D46DE8}") = "src", "src", "{827E0CD3-B72D-47B6-A68D-7590B98EB39B}"
EndProject
Project("{2150E333-8FDC-42A3-9474-1A3956D46DE8}") = "Orchestration", "Orchestration", "{8B260A08-A83E-5A86-27DB-EBC08B683631}"
EndProject
Project("{FAE04EC0-301F-11D3-BF4B-00C04F79EFBC}") = "AppHost", "src\Orchestration\AppHost\AppHost.csproj", "{E703D046-E2C3-4B9C-A61F-CE6C27A23A81}"
EndProject
Project("{FAE04EC0-301F-11D3-BF4B-00C04F79EFBC}") = "Web", "src\Web\Web.csproj", "{88B0A478-9E96-400C-B90E-11E408C8D660}"
EndProject
Project("{FAE04EC0-301F-11D3-BF4B-00C04F79EFBC}") = "Assistant.Infrastructure", "src\Modules\Assistant\Assistant.Infrastructure\Assistant.Infrastructure.csproj", "{A71CF67E-1781-4ADC-9DDF-540C7888E9B1}"
EndProject
Project("{FAE04EC0-301F-11D3-BF4B-00C04F79EFBC}") = "Assistant.Application", "src\Modules\Assistant\Assistant.Application\Assistant.Application.csproj", "{AED0ADAE-DE4B-4640-9EAA-076B0C0884BF}"
EndProject
Project("{FAE04EC0-301F-11D3-BF4B-00C04F79EFBC}") = "Assistant.Domain", "src\Modules\Assistant\Assistant.Domain\Assistant.Domain.csproj", "{930179CA-8DF3-4A77-8188-30AF9958C65A}"
EndProject
Project("{FAE04EC0-301F-11D3-BF4B-00C04F79EFBC}") = "Ingestion.Application", "src\Modules\Ingestion\Ingestion.Application\Ingestion.Application.csproj", "{CD85CB6A-F157-45A6-AD5A-92CB615CC174}"
EndProject
Project("{FAE04EC0-301F-11D3-BF4B-00C04F79EFBC}") = "Ingestion.Infrastructure", "src\Modules\Ingestion\Ingestion.Infrastructure\Ingestion.Infrastructure.csproj", "{DB59C18B-66A0-480B-A2C0-6A7C43008D14}"
EndProject
Project("{FAE04EC0-301F-11D3-BF4B-00C04F79EFBC}") = "ServiceDefaults", "src\Orchestration\ServiceDefaults\ServiceDefaults.csproj", "{8911ECCD-4CC2-4B4A-83AD-600F6E7DB9EA}"
EndProject
Project("{2150E333-8FDC-42A3-9474-1A3956D46DE8}") = "Web", "Web", "{03997797-E7F5-0643-168D-B8EA7178C2FE}"
EndProject
Project("{2150E333-8FDC-42A3-9474-1A3956D46DE8}") = "BuildingBlocks", "BuildingBlocks", "{90298CBA-BD6F-3A0A-69D5-97CAD7B05E7E}"
EndProject
Project("{FAE04EC0-301F-11D3-BF4B-00C04F79EFBC}") = "BuildingBlocks.API", "src\BuildingBlocks\BuildingBlocks.API\BuildingBlocks.API.csproj", "{D02A5144-F3CE-4BF6-9BAD-866E344F9543}"
EndProject
Project("{2150E333-8FDC-42A3-9474-1A3956D46DE8}") = "Modules", "Modules", "{EC447DCF-ABFA-6E24-52A5-D7FD48A5C558}"
EndProject
Project("{FAE04EC0-301F-11D3-BF4B-00C04F79EFBC}") = "Assistant.Evals", "src\Modules\Assistant\Assistant.Evals\Assistant.Evals.csproj", "{C5F3921E-2A8D-4D23-AFB3-DA36B9B9BBC9}"
EndProject
Project("{2150E333-8FDC-42A3-9474-1A3956D46DE8}") = "tests", "tests", "{0AB3BF05-4346-4AA6-1389-037BE0695223}"
EndProject
Project("{FAE04EC0-301F-11D3-BF4B-00C04F79EFBC}") = "Tests", "tests\Tests\Tests.csproj", "{365E9699-787B-42E5-93FE-4390BCF1CA16}"
EndProject
Project("{FAE04EC0-301F-11D3-BF4B-00C04F79EFBC}") = "Assistant.UnitTests", "tests\Assistant.UnitTests\Assistant.UnitTests.csproj", "{149B17D7-D5B6-48DC-A6AA-1CBB7EB80ABB}"
EndProject
Global
	GlobalSection(SolutionConfigurationPlatforms) = preSolution
		Debug|Any CPU = Debug|Any CPU
		Debug|x64 = Debug|x64
		Debug|x86 = Debug|x86
		Release|Any CPU = Release|Any CPU
		Release|x64 = Release|x64
		Release|x86 = Release|x86
	EndGlobalSection
	GlobalSection(ProjectConfigurationPlatforms) = postSolution
		{E703D046-E2C3-4B9C-A61F-CE6C27A23A81}.Debug|Any CPU.ActiveCfg = Debug|Any CPU
		{E703D046-E2C3-4B9C-A61F-CE6C27A23A81}.Debug|Any CPU.Build.0 = Debug|Any CPU
		{E703D046-E2C3-4B9C-A61F-CE6C27A23A81}.Debug|x64.ActiveCfg = Debug|Any CPU
		{E703D046-E2C3-4B9C-A61F-CE6C27A23A81}.Debug|x64.Build.0 = Debug|Any CPU
		{E703D046-E2C3-4B9C-A61F-CE6C27A23A81}.Debug|x86.ActiveCfg = Debug|Any CPU
		{E703D046-E2C3-4B9C-A61F-CE6C27A23A81}.Debug|x86.Build.0 = Debug|Any CPU
		{E703D046-E2C3-4B9C-A61F-CE6C27A23A81}.Release|Any CPU.ActiveCfg = Release|Any CPU
		{E703D046-E2C3-4B9C-A61F-CE6C27A23A81}.Release|Any CPU.Build.0 = Release|Any CPU
		{E703D046-E2C3-4B9C-A61F-CE6C27A23A81}.Release|x64.ActiveCfg = Release|Any CPU
		{E703D046-E2C3-4B9C-A61F-CE6C27A23A81}.Release|x64.Build.0 = Release|Any CPU
		{E703D046-E2C3-4B9C-A61F-CE6C27A23A81}.Release|x86.ActiveCfg = Release|Any CPU
		{E703D046-E2C3-4B9C-A61F-CE6C27A23A81}.Release|x86.Build.0 = Release|Any CPU
		{88B0A478-9E96-400C-B90E-11E408C8D660}.Debug|Any CPU.ActiveCfg = Debug|Any CPU
		{88B0A478-9E96-400C-B90E-11E408C8D660}.Debug|Any CPU.Build.0 = Debug|Any CPU
		{88B0A478-9E96-400C-B90E-11E408C8D660}.Debug|x64.ActiveCfg = Debug|Any CPU
		{88B0A478-9E96-400C-B90E-11E408C8D660}.Debug|x64.Build.0 = Debug|Any CPU
		{88B0A478-9E96-400C-B90E-11E408C8D660}.Debug|x86.ActiveCfg = Debug|Any CPU
		{88B0A478-9E96-400C-B90E-11E408C8D660}.Debug|x86.Build.0 = Debug|Any CPU
		{88B0A478-9E96-400C-B90E-11E408C8D660}.Release|Any CPU.ActiveCfg = Release|Any CPU
		{88B0A478-9E96-400C-B90E-11E408C8D660}.Release|Any CPU.Build.0 = Release|Any CPU
		{88B0A478-9E96-400C-B90E-11E408C8D660}.Release|x64.ActiveCfg = Release|Any CPU
		{88B0A478-9E96-400C-B90E-11E408C8D660}.Release|x64.Build.0 = Release|Any CPU
		{88B0A478-9E96-400C-B90E-11E408C8D660}.Release|x86.ActiveCfg = Release|Any CPU
		{88B0A478-9E96-400C-B90E-11E408C8D660}.Release|x86.Build.0 = Release|Any CPU
		{A71CF67E-1781-4ADC-9DDF-540C7888E9B1}.Debug|Any CPU.ActiveCfg = Debug|Any CPU
		{A71CF67E-1781-4ADC-9DDF-540C7888E9B1}.Debug|Any CPU.Build.0 = Debug|Any CPU
		{A71CF67E-1781-4ADC-9DDF-540C7888E9B1}.Debug|x64.ActiveCfg = Debug|Any CPU
		{A71CF67E-1781-4ADC-9DDF-540C7888E9B1}.Debug|x64.Build.0 = Debug|Any CPU
		{A71CF67E-1781-4ADC-9DDF-540C7888E9B1}.Debug|x86.ActiveCfg = Debug|Any CPU
		{A71CF67E-1781-4ADC-9DDF-540C7888E9B1}.Debug|x86.Build.0 = Debug|Any CPU
		{A71CF67E-1781-4ADC-9DDF-540C7888E9B1}.Release|Any CPU.ActiveCfg = Release|Any CPU
		{A71CF67E-1781-4ADC-9DDF-540C7888E9B1}.Release|Any CPU.Build.0 = Release|Any CPU
		{A71CF67E-1781-4ADC-9DDF-540C7888E9B1}.Release|x64.ActiveCfg = Release|Any CPU
		{A71CF67E-1781-4ADC-9DDF-540C7888E9B1}.Release|x64.Build.0 = Release|Any CPU
		{A71CF67E-1781-4ADC-9DDF-540C7888E9B1}.Release|x86.ActiveCfg = Release|Any CPU
		{A71CF67E-1781-4ADC-9DDF-540C7888E9B1}.Release|x86.Build.0 = Release|Any CPU
		{AED0ADAE-DE4B-4640-9EAA-076B0C0884BF}.Debug|Any CPU.ActiveCfg = Debug|Any CPU
		{AED0ADAE-DE4B-4640-9EAA-076B0C0884BF}.Debug|Any CPU.Build.0 = Debug|Any CPU
		{AED0ADAE-DE4B-4640-9EAA-076B0C0884BF}.Debug|x64.ActiveCfg = Debug|Any CPU
		{AED0ADAE-DE4B-4640-9EAA-076B0C0884BF}.Debug|x64.Build.0 = Debug|Any CPU
		{AED0ADAE-DE4B-4640-9EAA-076B0C0884BF}.Debug|x86.ActiveCfg = Debug|Any CPU
		{AED0ADAE-DE4B-4640-9EAA-076B0C0884BF}.Debug|x86.Build.0 = Debug|Any CPU
		{AED0ADAE-DE4B-4640-9EAA-076B0C0884BF}.Release|Any CPU.ActiveCfg = Release|Any CPU
		{AED0ADAE-DE4B-4640-9EAA-076B0C0884BF}.Release|Any CPU.Build.0 = Release|Any CPU
		{AED0ADAE-DE4B-4640-9EAA-076B0C0884BF}.Release|x64.ActiveCfg = Release|Any CPU
		{AED0ADAE-DE4B-4640-9EAA-076B0C0884BF}.Release|x64.Build.0 = Release|Any CPU
		{AED0ADAE-DE4B-4640-9EAA-076B0C0884BF}.Release|x86.ActiveCfg = Release|Any CPU
		{AED0ADAE-DE4B-4640-9EAA-076B0C0884BF}.Release|x86.Build.0 = Release|Any CPU
		{930179CA-8DF3-4A77-8188-30AF9958C65A}.Debug|Any CPU.ActiveCfg = Debug|Any CPU
		{930179CA-8DF3-4A77-8188-30AF9958C65A}.Debug|Any CPU.Build.0 = Debug|Any CPU
		{930179CA-8DF3-4A77-8188-30AF9958C65A}.Debug|x64.ActiveCfg = Debug|Any CPU
		{930179CA-8DF3-4A77-8188-30AF9958C65A}.Debug|x64.Build.0 = Debug|Any CPU
		{930179CA-8DF3-4A77-8188-30AF9958C65A}.Debug|x86.ActiveCfg = Debug|Any CPU
		{930179CA-8DF3-4A77-8188-30AF9958C65A}.Debug|x86.Build.0 = Debug|Any CPU
		{930179CA-8DF3-4A77-8188-30AF9958C65A}.Release|Any CPU.ActiveCfg = Release|Any CPU
		{930179CA-8DF3-4A77-8188-30AF9958C65A}.Release|Any CPU.Build.0 = Release|Any CPU
		{930179CA-8DF3-4A77-8188-30AF9958C65A}.Release|x64.ActiveCfg = Release|Any CPU
		{930179CA-8DF3-4A77-8188-30AF9958C65A}.Release|x64.Build.0 = Release|Any CPU
		{930179CA-8DF3-4A77-8188-30AF9958C65A}.Release|x86.ActiveCfg = Release|Any CPU
		{930179CA-8DF3-4A77-8188-30AF9958C65A}.Release|x86.Build.0 = Release|Any CPU
		{CD85CB6A-F157-45A6-AD5A-92CB615CC174}.Debug|Any CPU.ActiveCfg = Debug|Any CPU
		{CD85CB6A-F157-45A6-AD5A-92CB615CC174}.Debug|Any CPU.Build.0 = Debug|Any CPU
		{CD85CB6A-F157-45A6-AD5A-92CB615CC174}.Debug|x64.ActiveCfg = Debug|Any CPU
		{CD85CB6A-F157-45A6-AD5A-92CB615CC174}.Debug|x64.Build.0 = Debug|Any CPU
		{CD85CB6A-F157-45A6-AD5A-92CB615CC174}.Debug|x86.ActiveCfg = Debug|Any CPU
		{CD85CB6A-F157-45A6-AD5A-92CB615CC174}.Debug|x86.Build.0 = Debug|Any CPU
		{CD85CB6A-F157-45A6-AD5A-92CB615CC174}.Release|Any CPU.ActiveCfg = Release|Any CPU
		{CD85CB6A-F157-45A6-AD5A-92CB615CC174}.Release|Any CPU.Build.0 = Release|Any CPU
		{CD85CB6A-F157-45A6-AD5A-92CB615CC174}.Release|x64.ActiveCfg = Release|Any CPU
		{CD85CB6A-F157-45A6-AD5A-92CB615CC174}.Release|x64.Build.0 = Release|Any CPU
		{CD85CB6A-F157-45A6-AD5A-92CB615CC174}.Release|x86.ActiveCfg = Release|Any CPU
		{CD85CB6A-F157-45A6-AD5A-92CB615CC174}.Release|x86.Build.0 = Release|Any CPU
		{DB59C18B-66A0-480B-A2C0-6A7C43008D14}.Debug|Any CPU.ActiveCfg = Debug|Any CPU
		{DB59C18B-66A0-480B-A2C0-6A7C43008D14}.Debug|Any CPU.Build.0 = Debug|Any CPU
		{DB59C18B-66A0-480B-A2C0-6A7C43008D14}.Debug|x64.ActiveCfg = Debug|Any CPU
		{DB59C18B-66A0-480B-A2C0-6A7C43008D14}.Debug|x64.Build.0 = Debug|Any CPU
		{DB59C18B-66A0-480B-A2C0-6A7C43008D14}.Debug|x86.ActiveCfg = Debug|Any CPU
		{DB59C18B-66A0-480B-A2C0-6A7C43008D14}.Debug|x86.Build.0 = Debug|Any CPU
		{DB59C18B-66A0-480B-A2C0-6A7C43008D14}.Release|Any CPU.ActiveCfg = Release|Any CPU
		{DB59C18B-66A0-480B-A2C0-6A7C43008D14}.Release|Any CPU.Build.0 = Release|Any CPU
		{DB59C18B-66A0-480B-A2C0-6A7C43008D14}.Release|x64.ActiveCfg = Release|Any CPU
		{DB59C18B-66A0-480B-A2C0-6A7C43008D14}.Release|x64.Build.0 = Release|Any CPU
		{DB59C18B-66A0-480B-A2C0-6A7C43008D14}.Release|x86.ActiveCfg = Release|Any CPU
		{DB59C18B-66A0-480B-A2C0-6A7C43008D14}.Release|x86.Build.0 = Release|Any CPU
		{8911ECCD-4CC2-4B4A-83AD-600F6E7DB9EA}.Debug|Any CPU.ActiveCfg = Debug|Any CPU
		{8911ECCD-4CC2-4B4A-83AD-600F6E7DB9EA}.Debug|Any CPU.Build.0 = Debug|Any CPU
		{8911ECCD-4CC2-4B4A-83AD-600F6E7DB9EA}.Debug|x64.ActiveCfg = Debug|Any CPU
		{8911ECCD-4CC2-4B4A-83AD-600F6E7DB9EA}.Debug|x64.Build.0 = Debug|Any CPU
		{8911ECCD-4CC2-4B4A-83AD-600F6E7DB9EA}.Debug|x86.ActiveCfg = Debug|Any CPU
		{8911ECCD-4CC2-4B4A-83AD-600F6E7DB9EA}.Debug|x86.Build.0 = Debug|Any CPU
		{8911ECCD-4CC2-4B4A-83AD-600F6E7DB9EA}.Release|Any CPU.ActiveCfg = Release|Any CPU
		{8911ECCD-4CC2-4B4A-83AD-600F6E7DB9EA}.Release|Any CPU.Build.0 = Release|Any CPU
		{8911ECCD-4CC2-4B4A-83AD-600F6E7DB9EA}.Release|x64.ActiveCfg = Release|Any CPU
		{8911ECCD-4CC2-4B4A-83AD-600F6E7DB9EA}.Release|x64.Build.0 = Release|Any CPU
		{8911ECCD-4CC2-4B4A-83AD-600F6E7DB9EA}.Release|x86.ActiveCfg = Release|Any CPU
		{8911ECCD-4CC2-4B4A-83AD-600F6E7DB9EA}.Release|x86.Build.0 = Release|Any CPU
		{D02A5144-F3CE-4BF6-9BAD-866E344F9543}.Debug|Any CPU.ActiveCfg = Debug|Any CPU
		{D02A5144-F3CE-4BF6-9BAD-866E344F9543}.Debug|Any CPU.Build.0 = Debug|Any CPU
		{D02A5144-F3CE-4BF6-9BAD-866E344F9543}.Debug|x64.ActiveCfg = Debug|Any CPU
		{D02A5144-F3CE-4BF6-9BAD-866E344F9543}.Debug|x64.Build.0 = Debug|Any CPU
		{D02A5144-F3CE-4BF6-9BAD-866E344F9543}.Debug|x86.ActiveCfg = Debug|Any CPU
		{D02A5144-F3CE-4BF6-9BAD-866E344F9543}.Debug|x86.Build.0 = Debug|Any CPU
		{D02A5144-F3CE-4BF6-9BAD-866E344F9543}.Release|Any CPU.ActiveCfg = Release|Any CPU
		{D02A5144-F3CE-4BF6-9BAD-866E344F9543}.Release|Any CPU.Build.0 = Release|Any CPU
		{D02A5144-F3CE-4BF6-9BAD-866E344F9543}.Release|x64.ActiveCfg = Release|Any CPU
		{D02A5144-F3CE-4BF6-9BAD-866E344F9543}.Release|x64.Build.0 = Release|Any CPU
		{D02A5144-F3CE-4BF6-9BAD-866E344F9543}.Release|x86.ActiveCfg = Release|Any CPU
		{D02A5144-F3CE-4BF6-9BAD-866E344F9543}.Release|x86.Build.0 = Release|Any CPU
		{C5F3921E-2A8D-4D23-AFB3-DA36B9B9BBC9}.Debug|Any CPU.ActiveCfg = Debug|Any CPU
		{C5F3921E-2A8D-4D23-AFB3-DA36B9B9BBC9}.Debug|Any CPU.Build.0 = Debug|Any CPU
		{C5F3921E-2A8D-4D23-AFB3-DA36B9B9BBC9}.Debug|x64.ActiveCfg = Debug|Any CPU
		{C5F3921E-2A8D-4D23-AFB3-DA36B9B9BBC9}.Debug|x64.Build.0 = Debug|Any CPU
		{C5F3921E-2A8D-4D23-AFB3-DA36B9B9BBC9}.Debug|x86.ActiveCfg = Debug|Any CPU
		{C5F3921E-2A8D-4D23-AFB3-DA36B9B9BBC9}.Debug|x86.Build.0 = Debug|Any CPU
		{C5F3921E-2A8D-4D23-AFB3-DA36B9B9BBC9}.Release|Any CPU.ActiveCfg = Release|Any CPU
		{C5F3921E-2A8D-4D23-AFB3-DA36B9B9BBC9}.Release|Any CPU.Build.0 = Release|Any CPU
		{C5F3921E-2A8D-4D23-AFB3-DA36B9B9BBC9}.Release|x64.ActiveCfg = Release|Any CPU
		{C5F3921E-2A8D-4D23-AFB3-DA36B9B9BBC9}.Release|x64.Build.0 = Release|Any CPU
		{C5F3921E-2A8D-4D23-AFB3-DA36B9B9BBC9}.Release|x86.ActiveCfg = Release|Any CPU
		{C5F3921E-2A8D-4D23-AFB3-DA36B9B9BBC9}.Release|x86.Build.0 = Release|Any CPU
		{365E9699-787B-42E5-93FE-4390BCF1CA16}.Debug|Any CPU.ActiveCfg = Debug|Any CPU
		{365E9699-787B-42E5-93FE-4390BCF1CA16}.Debug|Any CPU.Build.0 = Debug|Any CPU
		{365E9699-787B-42E5-93FE-4390BCF1CA16}.Debug|x64.ActiveCfg = Debug|Any CPU
		{365E9699-787B-42E5-93FE-4390BCF1CA16}.Debug|x64.Build.0 = Debug|Any CPU
		{365E9699-787B-42E5-93FE-4390BCF1CA16}.Debug|x86.ActiveCfg = Debug|Any CPU
		{365E9699-787B-42E5-93FE-4390BCF1CA16}.Debug|x86.Build.0 = Debug|Any CPU
		{365E9699-787B-42E5-93FE-4390BCF1CA16}.Release|Any CPU.ActiveCfg = Release|Any CPU
		{365E9699-787B-42E5-93FE-4390BCF1CA16}.Release|Any CPU.Build.0 = Release|Any CPU
		{365E9699-787B-42E5-93FE-4390BCF1CA16}.Release|x64.ActiveCfg = Release|Any CPU
		{365E9699-787B-42E5-93FE-4390BCF1CA16}.Release|x64.Build.0 = Release|Any CPU
		{365E9699-787B-42E5-93FE-4390BCF1CA16}.Release|x86.ActiveCfg = Release|Any CPU
		{365E9699-787B-42E5-93FE-4390BCF1CA16}.Release|x86.Build.0 = Release|Any CPU
		{149B17D7-D5B6-48DC-A6AA-1CBB7EB80ABB}.Debug|Any CPU.ActiveCfg = Debug|Any CPU
		{149B17D7-D5B6-48DC-A6AA-1CBB7EB80ABB}.Debug|Any CPU.Build.0 = Debug|Any CPU
		{149B17D7-D5B6-48DC-A6AA-1CBB7EB80ABB}.Debug|x64.ActiveCfg = Debug|Any CPU
		{149B17D7-D5B6-48DC-A6AA-1CBB7EB80ABB}.Debug|x64.Build.0 = Debug|Any CPU
		{149B17D7-D5B6-48DC-A6AA-1CBB7EB80ABB}.Debug|x86.ActiveCfg = Debug|Any CPU
		{149B17D7-D5B6-48DC-A6AA-1CBB7EB80ABB}.Debug|x86.Build.0 = Debug|Any CPU
		{149B17D7-D5B6-48DC-A6AA-1CBB7EB80ABB}.Release|Any CPU.ActiveCfg = Release|Any CPU
		{149B17D7-D5B6-48DC-A6AA-1CBB7EB80ABB}.Release|Any CPU.Build.0 = Release|Any CPU
		{149B17D7-D5B6-48DC-A6AA-1CBB7EB80ABB}.Release|x64.ActiveCfg = Release|Any CPU
		{149B17D7-D5B6-48DC-A6AA-1CBB7EB80ABB}.Release|x64.Build.0 = Release|Any CPU
		{149B17D7-D5B6-48DC-A6AA-1CBB7EB80ABB}.Release|x86.ActiveCfg = Release|Any CPU
		{149B17D7-D5B6-48DC-A6AA-1CBB7EB80ABB}.Release|x86.Build.0 = Release|Any CPU
	EndGlobalSection
	GlobalSection(SolutionProperties) = preSolution
		HideSolutionNode = FALSE
	EndGlobalSection
	GlobalSection(NestedProjects) = preSolution
		{8B260A08-A83E-5A86-27DB-EBC08B683631} = {827E0CD3-B72D-47B6-A68D-7590B98EB39B}
		{E703D046-E2C3-4B9C-A61F-CE6C27A23A81} = {8B260A08-A83E-5A86-27DB-EBC08B683631}
		{88B0A478-9E96-400C-B90E-11E408C8D660} = {8B260A08-A83E-5A86-27DB-EBC08B683631}
		{A71CF67E-1781-4ADC-9DDF-540C7888E9B1} = {8B260A08-A83E-5A86-27DB-EBC08B683631}
		{AED0ADAE-DE4B-4640-9EAA-076B0C0884BF} = {8B260A08-A83E-5A86-27DB-EBC08B683631}
		{930179CA-8DF3-4A77-8188-30AF9958C65A} = {8B260A08-A83E-5A86-27DB-EBC08B683631}
		{CD85CB6A-F157-45A6-AD5A-92CB615CC174} = {8B260A08-A83E-5A86-27DB-EBC08B683631}
		{DB59C18B-66A0-480B-A2C0-6A7C43008D14} = {8B260A08-A83E-5A86-27DB-EBC08B683631}
		{8911ECCD-4CC2-4B4A-83AD-600F6E7DB9EA} = {8B260A08-A83E-5A86-27DB-EBC08B683631}
		{03997797-E7F5-0643-168D-B8EA7178C2FE} = {827E0CD3-B72D-47B6-A68D-7590B98EB39B}
		{90298CBA-BD6F-3A0A-69D5-97CAD7B05E7E} = {827E0CD3-B72D-47B6-A68D-7590B98EB39B}
		{D02A5144-F3CE-4BF6-9BAD-866E344F9543} = {90298CBA-BD6F-3A0A-69D5-97CAD7B05E7E}
		{EC447DCF-ABFA-6E24-52A5-D7FD48A5C558} = {827E0CD3-B72D-47B6-A68D-7590B98EB39B}
		{C5F3921E-2A8D-4D23-AFB3-DA36B9B9BBC9} = {EC447DCF-ABFA-6E24-52A5-D7FD48A5C558}
		{365E9699-787B-42E5-93FE-4390BCF1CA16} = {0AB3BF05-4346-4AA6-1389-037BE0695223}
		{149B17D7-D5B6-48DC-A6AA-1CBB7EB80ABB} = {0AB3BF05-4346-4AA6-1389-037BE0695223}
	EndGlobalSection
EndGlobal
