Microsoft Visual Studio Solution File, Format Version 12.00
# Visual Studio Version 17
VisualStudioVersion = 17.13.35825.156
MinimumVisualStudioVersion = 10.0.40219.1
Project("{FAE04EC0-301F-11D3-BF4B-00C04F79EFBC}") = "AppHost", "src\Orchestration\AppHost\AppHost.csproj", "{C0B18EBB-E32E-4348-B5F7-ADC08BFA12F9}"
EndProject
Project("{FAE04EC0-301F-11D3-BF4B-00C04F79EFBC}") = "ServiceDefaults", "src\Orchestration\ServiceDefaults\ServiceDefaults.csproj", "{12DB1232-0813-C7DE-7B3F-AE71DAFA506F}"
EndProject
Project("{FAE04EC0-301F-11D3-BF4B-00C04F79EFBC}") = "Web", "src\Web\Web\Web.csproj", "{6345095E-97C9-D31F-3FCD-BCB9511292AF}"
EndProject
Project("{FAE04EC0-301F-11D3-BF4B-00C04F79EFBC}") = "Tests", "tests\Tests\Tests.csproj", "{92D29AAC-153D-941B-BDB8-3434C8E4C662}"
EndProject
Project("{2150E333-8FDC-42A3-9474-1A3956D46DE8}") = "src", "src", "{02EA681E-C7D8-13C7-8484-4AC65E1B71E8}"
EndProject
Project("{2150E333-8FDC-42A3-9474-1A3956D46DE8}") = "docs", "docs", "{3898CD42-E8B5-4F88-8BD7-DC0FC8B27011}"
	ProjectSection(SolutionItems) = preProject
		docs\README.md = docs\README.md
	EndProjectSection
EndProject
Project("{2150E333-8FDC-42A3-9474-1A3956D46DE8}") = "tests", "tests", "{DBF258AA-21CA-4546-97F3-1466A61A018A}"
EndProject
Project("{2150E333-8FDC-42A3-9474-1A3956D46DE8}") = "templates", "templates", "{2A850C09-0465-4FD8-9A1D-1F03AF97D684}"
EndProject
Project("{2150E333-8FDC-42A3-9474-1A3956D46DE8}") = "Web", "Web", "{5AAC7D1F-A52D-4F59-AE47-06D6080C1CCE}"
EndProject
Project("{2150E333-8FDC-42A3-9474-1A3956D46DE8}") = "Services", "Services", "{9A523127-44F9-4A8D-9807-F18530625291}"
EndProject
Project("{2150E333-8FDC-42A3-9474-1A3956D46DE8}") = "Orchestration", "Orchestration", "{3409F188-87E8-4A4E-9D87-3ADBABAD2902}"
EndProject
Project("{2150E333-8FDC-42A3-9474-1A3956D46DE8}") = "Services", "Services", "{664C146D-ACD0-4BAF-BEF1-F128C9218FAC}"
EndProject
Project("{FAE04EC0-301F-11D3-BF4B-00C04F79EFBC}") = "Example.API", "templates\Services\Example\Example.API\Example.API.csproj", "{4D13EF7C-C6AE-3A17-DE2B-112DA7D4E418}"
EndProject
Project("{2150E333-8FDC-42A3-9474-1A3956D46DE8}") = "Example", "Example", "{A4F97736-77FD-422A-B97E-A1EE833DE5C5}"
EndProject
Project("{FAE04EC0-301F-11D3-BF4B-00C04F79EFBC}") = "Example.Domain", "templates\Services\Example\Example.Domain\Example.Domain.csproj", "{F2B2E154-BC4A-440B-B652-24CA1ED306C8}"
EndProject
Project("{FAE04EC0-301F-11D3-BF4B-00C04F79EFBC}") = "Example.Infrastructure", "templates\Services\Example\Example.Infrastructure\Example.Infrastructure.csproj", "{DC6CC5D2-12B3-4363-8C8E-12C335122E56}"
EndProject
Project("{FAE04EC0-301F-11D3-BF4B-00C04F79EFBC}") = "Example.Application", "templates\Services\Example\Example.Application\Example.Application.csproj", "{290B74E4-BABD-4732-A5EE-5995B94E135D}"
EndProject
Project("{2150E333-8FDC-42A3-9474-1A3956D46DE8}") = "BuildingBlocks", "BuildingBlocks", "{3E7292B7-391C-4517-AA3A-C234E1D04C67}"
EndProject
Project("{FAE04EC0-301F-11D3-BF4B-00C04F79EFBC}") = "BuildingBlocks.Abstractions", "src\BuildingBlocks\BuildingBlocks.Abstractions\BuildingBlocks.Abstractions.csproj", "{208F60A3-20AE-4B14-A4B0-17B3FB6B4FD6}"
EndProject
Project("{FAE04EC0-301F-11D3-BF4B-00C04F79EFBC}") = "BuildingBlocks.Infrastructure", "src\BuildingBlocks\BuildingBlocks.Infrastructure\BuildingBlocks.Infrastructure.csproj", "{A8301D1A-9FEC-4C54-AFAA-884BC8EFE760}"
EndProject
Project("{FAE04EC0-301F-11D3-BF4B-00C04F79EFBC}") = "BuildingBlocks.Host", "src\BuildingBlocks\BuildingBlocks.Host\BuildingBlocks.Host.csproj", "{5255182A-101D-4E17-B9DB-F2D6F1D0EF53}"
EndProject
Project("{2150E333-8FDC-42A3-9474-1A3956D46DE8}") = "Catalog", "Catalog", "{5EB9A260-62CA-426A-9698-0940377E79FD}"
EndProject
Project("{FAE04EC0-301F-11D3-BF4B-00C04F79EFBC}") = "Catalog.API", "src\Services\Catalog\Catalog.API\Catalog.API.csproj", "{99E68B27-E178-A6DB-C5CF-DD37DFDC3DC2}"
EndProject
Project("{FAE04EC0-301F-11D3-BF4B-00C04F79EFBC}") = "Catalog.Domain", "src\Services\Catalog\Catalog.Domain\Catalog.Domain.csproj", "{116344E1-CEE3-49A6-B1DB-8BA5045DBF4E}"
EndProject
Project("{FAE04EC0-301F-11D3-BF4B-00C04F79EFBC}") = "Catalog.Application", "src\Services\Catalog\Catalog.Application\Catalog.Application.csproj", "{45942591-0078-47EC-ACAC-27119DD59355}"
EndProject
Project("{FAE04EC0-301F-11D3-BF4B-00C04F79EFBC}") = "Catalog.Infrastructure", "src\Services\Catalog\Catalog.Infrastructure\Catalog.Infrastructure.csproj", "{612D2535-FB55-4D99-B933-70F14BD5C471}"
EndProject
Project("{FAE04EC0-301F-11D3-BF4B-00C04F79EFBC}") = "Catalog.Tests", "src\Services\Catalog\Catalog.Tests\Catalog.Tests.csproj", "{34FCEC79-8A1B-43A8-A97A-E0D419F736C1}"
EndProject
Project("{2150E333-8FDC-42A3-9474-1A3956D46DE8}") = "Ordering", "Ordering", "{F21BF07A-5750-4D0E-B873-1F09A8C31505}"
EndProject
Project("{2150E333-8FDC-42A3-9474-1A3956D46DE8}") = "Identity", "Identity", "{A7F21109-5D73-4358-9648-042F562B8E4A}"
EndProject
Project("{2150E333-8FDC-42A3-9474-1A3956D46DE8}") = "Payment", "Payment", "{D3A75E6D-8D9D-4BC2-A99A-313E3594E087}"
EndProject
Project("{2150E333-8FDC-42A3-9474-1A3956D46DE8}") = "ApiGateways", "ApiGateways", "{4CBA9C27-312B-41EE-94CA-F628F2475B16}"
EndProject
Project("{2150E333-8FDC-42A3-9474-1A3956D46DE8}") = "LoadTests", "LoadTests", "{74B7F3EE-8D57-4C88-A5F9-76DB6535CDA0}"
EndProject
Project("{2150E333-8FDC-42A3-9474-1A3956D46DE8}") = "E2ETests", "E2ETests", "{74FE3C11-AE1E-453B-9465-A1373DAA92DD}"
EndProject
Project("{2150E333-8FDC-42A3-9474-1A3956D46DE8}") = "ArchitectureTests", "ArchitectureTests", "{E309EC2A-7450-4880-A6FD-D743A86860C8}"
EndProject
Project("{2150E333-8FDC-42A3-9474-1A3956D46DE8}") = "Solution Items", "Solution Items", "{8EC462FD-D22E-90A8-E5CE-7E832BA40C5D}"
	ProjectSection(SolutionItems) = preProject
		.editorconfig = .editorconfig
		Directory.Build.props = Directory.Build.props
	EndProjectSection
EndProject
Global
	GlobalSection(SolutionConfigurationPlatforms) = preSolution
		Debug|Any CPU = Debug|Any CPU
		Release|Any CPU = Release|Any CPU
	EndGlobalSection
	GlobalSection(ProjectConfigurationPlatforms) = postSolution
		{C0B18EBB-E32E-4348-B5F7-ADC08BFA12F9}.Debug|Any CPU.ActiveCfg = Debug|Any CPU
		{C0B18EBB-E32E-4348-B5F7-ADC08BFA12F9}.Debug|Any CPU.Build.0 = Debug|Any CPU
		{C0B18EBB-E32E-4348-B5F7-ADC08BFA12F9}.Release|Any CPU.ActiveCfg = Release|Any CPU
		{C0B18EBB-E32E-4348-B5F7-ADC08BFA12F9}.Release|Any CPU.Build.0 = Release|Any CPU
		{12DB1232-0813-C7DE-7B3F-AE71DAFA506F}.Debug|Any CPU.ActiveCfg = Debug|Any CPU
		{12DB1232-0813-C7DE-7B3F-AE71DAFA506F}.Debug|Any CPU.Build.0 = Debug|Any CPU
		{12DB1232-0813-C7DE-7B3F-AE71DAFA506F}.Release|Any CPU.ActiveCfg = Release|Any CPU
		{12DB1232-0813-C7DE-7B3F-AE71DAFA506F}.Release|Any CPU.Build.0 = Release|Any CPU
		{6345095E-97C9-D31F-3FCD-BCB9511292AF}.Debug|Any CPU.ActiveCfg = Debug|Any CPU
		{6345095E-97C9-D31F-3FCD-BCB9511292AF}.Debug|Any CPU.Build.0 = Debug|Any CPU
		{6345095E-97C9-D31F-3FCD-BCB9511292AF}.Release|Any CPU.ActiveCfg = Release|Any CPU
		{6345095E-97C9-D31F-3FCD-BCB9511292AF}.Release|Any CPU.Build.0 = Release|Any CPU
		{92D29AAC-153D-941B-BDB8-3434C8E4C662}.Debug|Any CPU.ActiveCfg = Debug|Any CPU
		{92D29AAC-153D-941B-BDB8-3434C8E4C662}.Debug|Any CPU.Build.0 = Debug|Any CPU
		{92D29AAC-153D-941B-BDB8-3434C8E4C662}.Release|Any CPU.ActiveCfg = Release|Any CPU
		{92D29AAC-153D-941B-BDB8-3434C8E4C662}.Release|Any CPU.Build.0 = Release|Any CPU
		{4D13EF7C-C6AE-3A17-DE2B-112DA7D4E418}.Debug|Any CPU.ActiveCfg = Debug|Any CPU
		{4D13EF7C-C6AE-3A17-DE2B-112DA7D4E418}.Debug|Any CPU.Build.0 = Debug|Any CPU
		{4D13EF7C-C6AE-3A17-DE2B-112DA7D4E418}.Release|Any CPU.ActiveCfg = Release|Any CPU
		{4D13EF7C-C6AE-3A17-DE2B-112DA7D4E418}.Release|Any CPU.Build.0 = Release|Any CPU
		{F2B2E154-BC4A-440B-B652-24CA1ED306C8}.Debug|Any CPU.ActiveCfg = Debug|Any CPU
		{F2B2E154-BC4A-440B-B652-24CA1ED306C8}.Debug|Any CPU.Build.0 = Debug|Any CPU
		{F2B2E154-BC4A-440B-B652-24CA1ED306C8}.Release|Any CPU.ActiveCfg = Release|Any CPU
		{F2B2E154-BC4A-440B-B652-24CA1ED306C8}.Release|Any CPU.Build.0 = Release|Any CPU
		{DC6CC5D2-12B3-4363-8C8E-12C335122E56}.Debug|Any CPU.ActiveCfg = Debug|Any CPU
		{DC6CC5D2-12B3-4363-8C8E-12C335122E56}.Debug|Any CPU.Build.0 = Debug|Any CPU
		{DC6CC5D2-12B3-4363-8C8E-12C335122E56}.Release|Any CPU.ActiveCfg = Release|Any CPU
		{DC6CC5D2-12B3-4363-8C8E-12C335122E56}.Release|Any CPU.Build.0 = Release|Any CPU
		{290B74E4-BABD-4732-A5EE-5995B94E135D}.Debug|Any CPU.ActiveCfg = Debug|Any CPU
		{290B74E4-BABD-4732-A5EE-5995B94E135D}.Debug|Any CPU.Build.0 = Debug|Any CPU
		{290B74E4-BABD-4732-A5EE-5995B94E135D}.Release|Any CPU.ActiveCfg = Release|Any CPU
		{290B74E4-BABD-4732-A5EE-5995B94E135D}.Release|Any CPU.Build.0 = Release|Any CPU
		{208F60A3-20AE-4B14-A4B0-17B3FB6B4FD6}.Debug|Any CPU.ActiveCfg = Debug|Any CPU
		{208F60A3-20AE-4B14-A4B0-17B3FB6B4FD6}.Debug|Any CPU.Build.0 = Debug|Any CPU
		{208F60A3-20AE-4B14-A4B0-17B3FB6B4FD6}.Release|Any CPU.ActiveCfg = Release|Any CPU
		{208F60A3-20AE-4B14-A4B0-17B3FB6B4FD6}.Release|Any CPU.Build.0 = Release|Any CPU
		{A8301D1A-9FEC-4C54-AFAA-884BC8EFE760}.Debug|Any CPU.ActiveCfg = Debug|Any CPU
		{A8301D1A-9FEC-4C54-AFAA-884BC8EFE760}.Debug|Any CPU.Build.0 = Debug|Any CPU
		{A8301D1A-9FEC-4C54-AFAA-884BC8EFE760}.Release|Any CPU.ActiveCfg = Release|Any CPU
		{A8301D1A-9FEC-4C54-AFAA-884BC8EFE760}.Release|Any CPU.Build.0 = Release|Any CPU
		{5255182A-101D-4E17-B9DB-F2D6F1D0EF53}.Debug|Any CPU.ActiveCfg = Debug|Any CPU
		{5255182A-101D-4E17-B9DB-F2D6F1D0EF53}.Debug|Any CPU.Build.0 = Debug|Any CPU
		{5255182A-101D-4E17-B9DB-F2D6F1D0EF53}.Release|Any CPU.ActiveCfg = Release|Any CPU
		{5255182A-101D-4E17-B9DB-F2D6F1D0EF53}.Release|Any CPU.Build.0 = Release|Any CPU
		{99E68B27-E178-A6DB-C5CF-DD37DFDC3DC2}.Debug|Any CPU.ActiveCfg = Debug|Any CPU
		{99E68B27-E178-A6DB-C5CF-DD37DFDC3DC2}.Debug|Any CPU.Build.0 = Debug|Any CPU
		{99E68B27-E178-A6DB-C5CF-DD37DFDC3DC2}.Release|Any CPU.ActiveCfg = Release|Any CPU
		{99E68B27-E178-A6DB-C5CF-DD37DFDC3DC2}.Release|Any CPU.Build.0 = Release|Any CPU
		{116344E1-CEE3-49A6-B1DB-8BA5045DBF4E}.Debug|Any CPU.ActiveCfg = Debug|Any CPU
		{116344E1-CEE3-49A6-B1DB-8BA5045DBF4E}.Debug|Any CPU.Build.0 = Debug|Any CPU
		{116344E1-CEE3-49A6-B1DB-8BA5045DBF4E}.Release|Any CPU.ActiveCfg = Release|Any CPU
		{116344E1-CEE3-49A6-B1DB-8BA5045DBF4E}.Release|Any CPU.Build.0 = Release|Any CPU
		{45942591-0078-47EC-ACAC-27119DD59355}.Debug|Any CPU.ActiveCfg = Debug|Any CPU
		{45942591-0078-47EC-ACAC-27119DD59355}.Debug|Any CPU.Build.0 = Debug|Any CPU
		{45942591-0078-47EC-ACAC-27119DD59355}.Release|Any CPU.ActiveCfg = Release|Any CPU
		{45942591-0078-47EC-ACAC-27119DD59355}.Release|Any CPU.Build.0 = Release|Any CPU
		{612D2535-FB55-4D99-B933-70F14BD5C471}.Debug|Any CPU.ActiveCfg = Debug|Any CPU
		{612D2535-FB55-4D99-B933-70F14BD5C471}.Debug|Any CPU.Build.0 = Debug|Any CPU
		{612D2535-FB55-4D99-B933-70F14BD5C471}.Release|Any CPU.ActiveCfg = Release|Any CPU
		{612D2535-FB55-4D99-B933-70F14BD5C471}.Release|Any CPU.Build.0 = Release|Any CPU
		{34FCEC79-8A1B-43A8-A97A-E0D419F736C1}.Debug|Any CPU.ActiveCfg = Debug|Any CPU
		{34FCEC79-8A1B-43A8-A97A-E0D419F736C1}.Debug|Any CPU.Build.0 = Debug|Any CPU
		{34FCEC79-8A1B-43A8-A97A-E0D419F736C1}.Release|Any CPU.ActiveCfg = Release|Any CPU
		{34FCEC79-8A1B-43A8-A97A-E0D419F736C1}.Release|Any CPU.Build.0 = Release|Any CPU
	EndGlobalSection
	GlobalSection(SolutionProperties) = preSolution
		HideSolutionNode = FALSE
	EndGlobalSection
	GlobalSection(NestedProjects) = preSolution
		{C0B18EBB-E32E-4348-B5F7-ADC08BFA12F9} = {3409F188-87E8-4A4E-9D87-3ADBABAD2902}
		{12DB1232-0813-C7DE-7B3F-AE71DAFA506F} = {3409F188-87E8-4A4E-9D87-3ADBABAD2902}
		{6345095E-97C9-D31F-3FCD-BCB9511292AF} = {5AAC7D1F-A52D-4F59-AE47-06D6080C1CCE}
		{92D29AAC-153D-941B-BDB8-3434C8E4C662} = {DBF258AA-21CA-4546-97F3-1466A61A018A}
		{5AAC7D1F-A52D-4F59-AE47-06D6080C1CCE} = {02EA681E-C7D8-13C7-8484-4AC65E1B71E8}
		{9A523127-44F9-4A8D-9807-F18530625291} = {02EA681E-C7D8-13C7-8484-4AC65E1B71E8}
		{3409F188-87E8-4A4E-9D87-3ADBABAD2902} = {02EA681E-C7D8-13C7-8484-4AC65E1B71E8}
		{664C146D-ACD0-4BAF-BEF1-F128C9218FAC} = {2A850C09-0465-4FD8-9A1D-1F03AF97D684}
		{4D13EF7C-C6AE-3A17-DE2B-112DA7D4E418} = {A4F97736-77FD-422A-B97E-A1EE833DE5C5}
		{A4F97736-77FD-422A-B97E-A1EE833DE5C5} = {664C146D-ACD0-4BAF-BEF1-F128C9218FAC}
		{F2B2E154-BC4A-440B-B652-24CA1ED306C8} = {A4F97736-77FD-422A-B97E-A1EE833DE5C5}
		{DC6CC5D2-12B3-4363-8C8E-12C335122E56} = {A4F97736-77FD-422A-B97E-A1EE833DE5C5}
		{290B74E4-BABD-4732-A5EE-5995B94E135D} = {A4F97736-77FD-422A-B97E-A1EE833DE5C5}
		{3E7292B7-391C-4517-AA3A-C234E1D04C67} = {02EA681E-C7D8-13C7-8484-4AC65E1B71E8}
		{208F60A3-20AE-4B14-A4B0-17B3FB6B4FD6} = {3E7292B7-391C-4517-AA3A-C234E1D04C67}
		{A8301D1A-9FEC-4C54-AFAA-884BC8EFE760} = {3E7292B7-391C-4517-AA3A-C234E1D04C67}
		{5255182A-101D-4E17-B9DB-F2D6F1D0EF53} = {3E7292B7-391C-4517-AA3A-C234E1D04C67}
		{5EB9A260-62CA-426A-9698-0940377E79FD} = {9A523127-44F9-4A8D-9807-F18530625291}
		{99E68B27-E178-A6DB-C5CF-DD37DFDC3DC2} = {5EB9A260-62CA-426A-9698-0940377E79FD}
		{116344E1-CEE3-49A6-B1DB-8BA5045DBF4E} = {5EB9A260-62CA-426A-9698-0940377E79FD}
		{45942591-0078-47EC-ACAC-27119DD59355} = {5EB9A260-62CA-426A-9698-0940377E79FD}
		{612D2535-FB55-4D99-B933-70F14BD5C471} = {5EB9A260-62CA-426A-9698-0940377E79FD}
		{34FCEC79-8A1B-43A8-A97A-E0D419F736C1} = {5EB9A260-62CA-426A-9698-0940377E79FD}
		{F21BF07A-5750-4D0E-B873-1F09A8C31505} = {9A523127-44F9-4A8D-9807-F18530625291}
		{A7F21109-5D73-4358-9648-042F562B8E4A} = {9A523127-44F9-4A8D-9807-F18530625291}
		{D3A75E6D-8D9D-4BC2-A99A-313E3594E087} = {9A523127-44F9-4A8D-9807-F18530625291}
		{4CBA9C27-312B-41EE-94CA-F628F2475B16} = {02EA681E-C7D8-13C7-8484-4AC65E1B71E8}
		{74B7F3EE-8D57-4C88-A5F9-76DB6535CDA0} = {DBF258AA-21CA-4546-97F3-1466A61A018A}
		{74FE3C11-AE1E-453B-9465-A1373DAA92DD} = {DBF258AA-21CA-4546-97F3-1466A61A018A}
		{E309EC2A-7450-4880-A6FD-D743A86860C8} = {DBF258AA-21CA-4546-97F3-1466A61A018A}
	EndGlobalSection
	GlobalSection(ExtensibilityGlobals) = postSolution
		SolutionGuid = {C20D381E-CD9D-422D-8C47-5865681B264D}
	EndGlobalSection
EndGlobal
